PODS:
  - Alamofire (4.0.1)
  - EasyRealm (3.1.0):
    - RealmSwift (~> 3.0.0)
  - libwebp (0.6.1):
    - libwebp/core (= 0.6.1)
    - libwebp/dec (= 0.6.1)
    - libwebp/demux (= 0.6.1)
    - libwebp/dsp (= 0.6.1)
    - libwebp/enc (= 0.6.1)
    - libwebp/mux (= 0.6.1)
    - libwebp/utils (= 0.6.1)
    - libwebp/webp (= 0.6.1)
  - libwebp/core (0.6.1):
    - libwebp/webp
  - libwebp/dec (0.6.1):
    - libwebp/core
  - libwebp/demux (0.6.1):
    - libwebp/core
  - libwebp/dsp (0.6.1):
    - libwebp/core
  - libwebp/enc (0.6.1):
    - libwebp/core
  - libwebp/mux (0.6.1):
    - libwebp/core
  - libwebp/utils (0.6.1):
    - libwebp/core
  - libwebp/webp (0.6.1)
  - MBProgressHUD (1.1.0)
  - Realm (3.0.2):
    - Realm/Headers (= 3.0.2)
  - Realm/Headers (3.0.2)
  - RealmSwift (3.0.2):
    - Realm (= 3.0.2)
  - SDWebImage/Core (4.3.3)
  - SDWebImage/WebP (4.3.3):
    - libwebp (~> 0.5)
    - SDWebImage/Core
  - SearchTextField (1.2.1)
  - Swinject (2.4.1)

DEPENDENCIES:
  - Alamofire (~> 4.0.1)
  - EasyRealm (~> 3.1.0)
  - MBProgressHUD (~> 1.1.0)
  - SDWebImage/WebP (~> 4.3.0)
  - SearchTextField
  - Swinject (~> 2.4.0)

SPEC REPOS:
  https://github.com/cocoapods/specs.git:
    - Alamofire
    - EasyRealm
    - libwebp
    - MBProgressHUD
    - Realm
    - RealmSwift
    - SDWebImage
    - SearchTextField
    - Swinject

SPEC CHECKSUMS:
  Alamofire: 7682d43245de14874acd142ec137b144aa1dd335
  EasyRealm: b27d2c5792d846a57cea9385a7c08c9cd0db2c0f
  libwebp: 0f01098c6c17175391af621b2f14150f3ca16e16
  MBProgressHUD: e7baa36a220447d8aeb12769bf0585582f3866d9
  Realm: 6f23fd1f178a09342eac21bfa7c2bf4312a7a180
  RealmSwift: 695393add1b8f9d5fa75dd16e6355cf3935f71e2
  SDWebImage: de4d90b5bff3571eae7bd16202b1f43135409fa5
  SearchTextField: 261b0febd49194492f29555fff3c5c0019ca84d2
  Swinject: f7f15a9672e99328c1f07f277091087917215700

PODFILE CHECKSUM: e016b972f2c6989674734a2d8cebe2b63b02f92a

COCOAPODS: 1.5.3
